
Microsoft Visual Studio Solution File, Format Version 12.00
# Visual Studio Version 16
VisualStudioVersion = 16.0.33801.447
MinimumVisualStudioVersion = 10.0.40219.1
Project("{8BC9CEB8-8B4A-11D0-8D11-00A0C91BC942}") = "Paraboloid", "Paraboloid\Paraboloid.vcxproj", "{EDF87146-603E-408F-B4D9-6FC9D32EA432}"
EndProject
Global
	GlobalSection(SolutionConfigurationPlatforms) = preSolution
		Debug|x64 = Debug|x64
		Debug|x86 = Debug|x86
		Release|x64 = Release|x64
		Release|x86 = Release|x86
	EndGlobalSection
	GlobalSection(ProjectConfigurationPlatforms) = postSolution
		{EDF87146-603E-408F-B4D9-6FC9D32EA432}.Debug|x64.ActiveCfg = Debug|x64
		{EDF87146-603E-408F-B4D9-6FC9D32EA432}.Debug|x64.Build.0 = Debug|x64
		{EDF87146-603E-408F-B4D9-6FC9D32EA432}.Debug|x86.ActiveCfg = Debug|Win32
		{EDF87146-603E-408F-B4D9-6FC9D32EA432}.Debug|x86.Build.0 = Debug|Win32
		{EDF87146-603E-408F-B4D9-6FC9D32EA432}.Release|x64.ActiveCfg = Release|x64
		{EDF87146-603E-408F-B4D9-6FC9D32EA432}.Release|x64.Build.0 = Release|x64
		{EDF87146-603E-408F-B4D9-6FC9D32EA432}.Release|x86.ActiveCfg = Release|Win32
		{EDF87146-603E-408F-B4D9-6FC9D32EA432}.Release|x86.Build.0 = Release|Win32
	EndGlobalSection
	GlobalSection(SolutionProperties) = preSolution
		HideSolutionNode = FALSE
	EndGlobalSection
	GlobalSection(ExtensibilityGlobals) = postSolution
		SolutionGuid = {74B256A0-2081-46CE-BB12-4AA08F0C3F38}
	EndGlobalSection
EndGlobal
